PODS:
  - RxSwift (5.1.5):
    - RxSwift/StaticLibrary (= 5.1.5)
  - RxSwift/StaticLibrary (5.1.5)
  - SFAPPRealTimeLogCaughter (0.14.0):
    - RxSwift
    - SnapKit
    - SVProgressHUD
  - SnapKit (5.0.1)
  - SVProgressHUD (2.2.5)
  - VSCThirdPartyOpenSource/SnapKit (0.0.1):
    - SnapKit (= 5.0.1)
  - VSCThirdPartyOpenSource/SVProgressHUD (0.0.1):
    - SVProgressHUD (= 2.2.5)

DEPENDENCIES:
  - SFAPPRealTimeLogCaughter (from `../`)
  - VSCThirdPartyOpenSource/SnapKit
  - VSCThirdPartyOpenSource/SVProgressHUD

SPEC REPOS:
  https://fangcun.vesync.cn/app/ios/components/VeSyncRepo.git:
    - RxSwift
    - SnapKit
    - SVProgressHUD
    - VSCThirdPartyOpenSource

EXTERNAL SOURCES:
  SFAPPRealTimeLogCaughter:
    :path: "../"

SPEC CHECKSUMS:
  RxSwift: 68ac27875693bba54936cf334e7d04c345faf08f
  SFAPPRealTimeLogCaughter: 851c40a477181c996f0a0a923db339189e5c981d
  SnapKit: e2b5a5594e46046a352f2ea23a7b90339bd09466
  SVProgressHUD: ebc322ca7f7338f74eb2703e9ed6cb3db157d842
  VSCThirdPartyOpenSource: 16f06749b0b9f6cbb5b08471989a7e523bdd3791

PODFILE CHECKSUM: 9f769f5916af88fdd8804591d2305f622029c266

COCOAPODS: 1.10.1
