PODS:
  - RxCocoa (5.1.3):
    - RxRelay (~> 5)
    - RxSwift (~> 5)
  - RxRelay (5.1.3):
    - RxSwift (~> 5)
  - RxSwift (5.1.3)
  - SFAPPRealTimeLogCaughter (0.10.0):
    - RxCocoa (~> 5.0)
    - RxSwift (~> 5.0)
    - SnapKit
  - SnapKit (5.0.1)

DEPENDENCIES:
  - RxCocoa (~> 5.0)
  - SFAPPRealTimeLogCaughter (from `../`)
  - SnapKit

SPEC REPOS:
  trunk:
    - RxCocoa
    - RxRelay
    - RxSwift
    - SnapKit

EXTERNAL SOURCES:
  SFAPPRealTimeLogCaughter:
    :path: "../"

SPEC CHECKSUMS:
  RxCocoa: e2ed092d5432e4296aa818021d27de4090ac0354
  RxRelay: 5a18c2eb2d68326ebaf0112f80d837ae41b92b97
  RxSwift: 915abbdfb62214aa89ccd0b194d44fb478019b27
  SFAPPRealTimeLogCaughter: 4601063d954c2b623d28966bd8fb430c4b280943
  SnapKit: 97b92857e3df3a0c71833cce143274bf6ef8e5eb

PODFILE CHECKSUM: ae60e0d7954f6301e2dc3462647a6c0f575ee7dc

COCOAPODS: 1.10.1
